
Microsoft Visual Studio Solution File, Format Version 12.00
Project("{C904A3D1-27FE-4003-B111-1FC35ADFA0B4}") = "Database", "Database\Database.csproj", "{1310152D-B071-466A-AD3A-B1A636AD64C7}"
EndProject
Project("{13F51BCA-6206-4B31-B848-8939C87D1580}") = "TestResource", "TestResource\TestResource.csproj", "{21272F12-8AB8-4053-BBA7-04306973CD99}"
EndProject
Project("{53DF7AB9-C0A5-4971-9E6B-F5E5457B72E1}") = "Logger", "Logger\Logger.csproj", "{19231D48-AC98-4F94-9370-31D4E2EEB9A5}"
EndProject
Project("{D93B8CDE-A99A-4481-866E-82D2B81196F6}") = "AbstractResource", "AbstractResource\AbstractResource.csproj", "{43FD319B-4FEB-43D2-AB44-33B41E0EE27F}"
EndProject
Project("{DE84450A-CE11-4ADA-9FC4-C6244B110445}") = "AdminPanel", "AdminPanel\AdminPanel.csproj", "{387BE8EC-9C8F-4F66-AA3A-73D6D81001B5}"
EndProject
Project("{FAE04EC0-301F-11D3-BF4B-00C04F79EFBC}") = "EventString", "EventString\EventString.csproj", "{DE66C6FD-1A5E-448E-97D7-D56A0457B13C}"
EndProject
Project("{E591E203-048B-45FF-A642-E840479F4F96}") = "Authorization", "Authorization\Authorization.csproj", "{888071C0-B783-46D1-A0F0-F7A3A750780B}"
EndProject
Project("{D257FFD4-A2A5-48B0-B7F4-279F02AE7E96}") = "NAPIExtensions", "NAPIExtensions\NAPIExtensions.csproj", "{7793D314-096A-4773-9182-187C7CF67B88}"
EndProject
Project("{9277B19D-6FF1-424F-901B-477C44E368B8}") = "CharacterManager", "CharacterManager\CharacterManager.csproj", "{73BCFCBA-C6BB-4A4B-81BB-F2C1688024CA}"
EndProject
Project("{2FA9EFD3-7D78-4789-9B35-2A52DF00E1E6}") = "TimeCounter", "TimeCounter\TimeCounter.csproj", "{18EF6721-B8B7-4669-95E8-63D73AB8980C}"
EndProject
Project("{9BB0F61F-1C6F-4972-A9E7-542669544798}") = "LocalContext", "LocalContext\LocalContext.csproj", "{D8D7F96D-5558-4077-A663-1FA553C090F7}"
EndProject
Project("{2150E333-8FDC-42A3-9474-1A3956D46DE8}") = "Contexts", "Contexts", "{E6D701C0-F627-4800-8554-EEFDAAD38210}"
EndProject
Project("{2150E333-8FDC-42A3-9474-1A3956D46DE8}") = "Authorization", "Authorization", "{2A76AE55-95BE-4114-8193-08337FB879DF}"
EndProject
Project("{2150E333-8FDC-42A3-9474-1A3956D46DE8}") = "_Core", "_Core", "{C0F13FD3-D260-475B-996E-B3B3F1C2C6D1}"
EndProject
Project("{2150E333-8FDC-42A3-9474-1A3956D46DE8}") = "Admin", "Admin", "{CBAACE32-4C1E-4855-B5D9-CC5AD30C84A2}"
EndProject
Project("{2150E333-8FDC-42A3-9474-1A3956D46DE8}") = "Environment", "Environment", "{FC570E0A-3203-4B44-AF3C-BA3EA7C0D40C}"
EndProject
Project("{F43EE0F1-6443-4C71-903C-3A03F1A5919A}") = "Weather", "Weather\Weather.csproj", "{308F5617-D996-4ED6-88C8-02680DCF7DF0}"
EndProject
Project("{FAE04EC0-301F-11D3-BF4B-00C04F79EFBC}") = "Secrets", "Secrets\Secrets.csproj", "{5D2D7B3D-68B8-477F-A351-B7DB2F1CE02D}"
EndProject
Global
	GlobalSection(SolutionConfigurationPlatforms) = preSolution
		Debug|x64 = Debug|x64
		Release|x64 = Release|x64
	EndGlobalSection
	GlobalSection(ProjectConfigurationPlatforms) = postSolution
					{1310152D-B071-466A-AD3A-B1A636AD64C7}.Debug|x64.ActiveCfg = Debug|x64
								{1310152D-B071-466A-AD3A-B1A636AD64C7}.Debug|x64.Build.0 = Debug|x64
		{1310152D-B071-466A-AD3A-B1A636AD64C7}.Release|x64.ActiveCfg = Release|x64
		{1310152D-B071-466A-AD3A-B1A636AD64C7}.Release|x64.Build.0 = Release|x64
					{21272F12-8AB8-4053-BBA7-04306973CD99}.Debug|x64.ActiveCfg = Debug|x64
								{21272F12-8AB8-4053-BBA7-04306973CD99}.Debug|x64.Build.0 = Debug|x64
		{21272F12-8AB8-4053-BBA7-04306973CD99}.Release|x64.ActiveCfg = Release|x64
		{21272F12-8AB8-4053-BBA7-04306973CD99}.Release|x64.Build.0 = Release|x64
					{19231D48-AC98-4F94-9370-31D4E2EEB9A5}.Debug|x64.ActiveCfg = Debug|x64
								{19231D48-AC98-4F94-9370-31D4E2EEB9A5}.Debug|x64.Build.0 = Debug|x64
		{19231D48-AC98-4F94-9370-31D4E2EEB9A5}.Release|x64.ActiveCfg = Release|x64
		{19231D48-AC98-4F94-9370-31D4E2EEB9A5}.Release|x64.Build.0 = Release|x64
					{43FD319B-4FEB-43D2-AB44-33B41E0EE27F}.Debug|x64.ActiveCfg = Debug|x64
								{43FD319B-4FEB-43D2-AB44-33B41E0EE27F}.Debug|x64.Build.0 = Debug|x64
		{43FD319B-4FEB-43D2-AB44-33B41E0EE27F}.Release|x64.ActiveCfg = Release|x64
		{43FD319B-4FEB-43D2-AB44-33B41E0EE27F}.Release|x64.Build.0 = Release|x64
						{387BE8EC-9C8F-4F66-AA3A-73D6D81001B5}.Debug|x64.ActiveCfg = Debug|x64
												{387BE8EC-9C8F-4F66-AA3A-73D6D81001B5}.Debug|x64.Build.0 = Debug|x64
		{387BE8EC-9C8F-4F66-AA3A-73D6D81001B5}.Release|x64.ActiveCfg = Release|x64
		{387BE8EC-9C8F-4F66-AA3A-73D6D81001B5}.Release|x64.Build.0 = Release|x64
												{DE66C6FD-1A5E-448E-97D7-D56A0457B13C}.Debug|x64.ActiveCfg = Debug|Any CPU
														{DE66C6FD-1A5E-448E-97D7-D56A0457B13C}.Debug|x64.Build.0 = Debug|Any CPU
		{DE66C6FD-1A5E-448E-97D7-D56A0457B13C}.Release|x64.ActiveCfg = Release|x64
		{DE66C6FD-1A5E-448E-97D7-D56A0457B13C}.Release|x64.Build.0 = Release|x64
										{888071C0-B783-46D1-A0F0-F7A3A750780B}.Debug|x64.ActiveCfg = Debug|x64
																{888071C0-B783-46D1-A0F0-F7A3A750780B}.Debug|x64.Build.0 = Debug|x64
												{7793D314-096A-4773-9182-187C7CF67B88}.Debug|x64.ActiveCfg = Debug|x64
																{7793D314-096A-4773-9182-187C7CF67B88}.Debug|x64.Build.0 = Debug|x64
					{73BCFCBA-C6BB-4A4B-81BB-F2C1688024CA}.Debug|x64.ActiveCfg = Debug|x64
								{73BCFCBA-C6BB-4A4B-81BB-F2C1688024CA}.Debug|x64.Build.0 = Debug|x64
					{18EF6721-B8B7-4669-95E8-63D73AB8980C}.Debug|x64.ActiveCfg = Debug|x64
								{18EF6721-B8B7-4669-95E8-63D73AB8980C}.Debug|x64.Build.0 = Debug|x64
				{D8D7F96D-5558-4077-A663-1FA553C090F7}.Debug|x64.ActiveCfg = Debug|x64
								{D8D7F96D-5558-4077-A663-1FA553C090F7}.Debug|x64.Build.0 = Debug|x64
		{308F5617-D996-4ED6-88C8-02680DCF7DF0}.Debug|x64.ActiveCfg = Debug|x64
		{308F5617-D996-4ED6-88C8-02680DCF7DF0}.Debug|x64.Build.0 = Debug|x64
		{5D2D7B3D-68B8-477F-A351-B7DB2F1CE02D}.Debug|x64.ActiveCfg = Debug|Any CPU
		{5D2D7B3D-68B8-477F-A351-B7DB2F1CE02D}.Debug|x64.Build.0 = Debug|Any CPU
		{5D2D7B3D-68B8-477F-A351-B7DB2F1CE02D}.Release|x64.ActiveCfg = Release|Any CPU
		{5D2D7B3D-68B8-477F-A351-B7DB2F1CE02D}.Release|x64.Build.0 = Release|Any CPU
	EndGlobalSection
	GlobalSection(NestedProjects) = preSolution
		{1310152D-B071-466A-AD3A-B1A636AD64C7} = {E6D701C0-F627-4800-8554-EEFDAAD38210}
		{D8D7F96D-5558-4077-A663-1FA553C090F7} = {E6D701C0-F627-4800-8554-EEFDAAD38210}
		{888071C0-B783-46D1-A0F0-F7A3A750780B} = {2A76AE55-95BE-4114-8193-08337FB879DF}
		{73BCFCBA-C6BB-4A4B-81BB-F2C1688024CA} = {2A76AE55-95BE-4114-8193-08337FB879DF}
		{E6D701C0-F627-4800-8554-EEFDAAD38210} = {C0F13FD3-D260-475B-996E-B3B3F1C2C6D1}
		{43FD319B-4FEB-43D2-AB44-33B41E0EE27F} = {C0F13FD3-D260-475B-996E-B3B3F1C2C6D1}
		{7793D314-096A-4773-9182-187C7CF67B88} = {C0F13FD3-D260-475B-996E-B3B3F1C2C6D1}
		{DE66C6FD-1A5E-448E-97D7-D56A0457B13C} = {C0F13FD3-D260-475B-996E-B3B3F1C2C6D1}
		{19231D48-AC98-4F94-9370-31D4E2EEB9A5} = {C0F13FD3-D260-475B-996E-B3B3F1C2C6D1}
		{387BE8EC-9C8F-4F66-AA3A-73D6D81001B5} = {CBAACE32-4C1E-4855-B5D9-CC5AD30C84A2}
		{18EF6721-B8B7-4669-95E8-63D73AB8980C} = {FC570E0A-3203-4B44-AF3C-BA3EA7C0D40C}
					{308F5617-D996-4ED6-88C8-02680DCF7DF0}.Debug|x64.ActiveCfg = Debug|x64
								{308F5617-D996-4ED6-88C8-02680DCF7DF0}.Debug|x64.Build.0 = Debug|x64
		{5D2D7B3D-68B8-477F-A351-B7DB2F1CE02D} = {C0F13FD3-D260-475B-996E-B3B3F1C2C6D1}
		{308F5617-D996-4ED6-88C8-02680DCF7DF0} = {FC570E0A-3203-4B44-AF3C-BA3EA7C0D40C}
	EndGlobalSection
EndGlobal
