
Microsoft Visual Studio Solution File, Format Version 12.00
Project("{FAE04EC0-301F-11D3-BF4B-00C04F79EFBC}") = "testClientResource", "testClientResource\testClientResource.csproj", "{971D38B5-A892-480C-809A-CA3FD61974F3}"
EndProject
Global
	GlobalSection(SolutionConfigurationPlatforms) = preSolution
		Debug|Any CPU = Debug|Any CPU
		Release|Any CPU = Release|Any CPU
	EndGlobalSection
	GlobalSection(ProjectConfigurationPlatforms) = postSolution
		{971D38B5-A892-480C-809A-CA3FD61974F3}.Debug|Any CPU.ActiveCfg = Debug|Any CPU
		{971D38B5-A892-480C-809A-CA3FD61974F3}.Debug|Any CPU.Build.0 = Debug|Any CPU
		{971D38B5-A892-480C-809A-CA3FD61974F3}.Release|Any CPU.ActiveCfg = Release|Any CPU
		{971D38B5-A892-480C-809A-CA3FD61974F3}.Release|Any CPU.Build.0 = Release|Any CPU
	EndGlobalSection
EndGlobal
